
Microsoft Visual Studio Solution File, Format Version 12.00
# Visual Studio 14
VisualStudioVersion = 14.0.25420.1
MinimumVisualStudioVersion = 10.0.40219.1
Project("{2150E333-8FDC-42A3-9474-1A3956D46DE8}") = "Core", "Core", "{A1528928-0C42-4AA5-ACD3-9BA0D23F37CC}"
EndProject
Project("{2150E333-8FDC-42A3-9474-1A3956D46DE8}") = "Domain", "Domain", "{4442A51C-1ECC-4089-8CF9-2DCD0AE6C32B}"
EndProject
Project("{2150E333-8FDC-42A3-9474-1A3956D46DE8}") = "EF", "EF", "{185A0433-D8AF-4DB6-A0D9-33EC5F305DED}"
EndProject
Project("{2150E333-8FDC-42A3-9474-1A3956D46DE8}") = "LiteDb", "LiteDb", "{F154FA00-1457-4B3C-97D5-6979778C8D71}"
EndProject
Project("{2150E333-8FDC-42A3-9474-1A3956D46DE8}") = "Providers", "Providers", "{FCEC5E07-A001-41D0-B336-B67EA50292B5}"
EndProject
Project("{2150E333-8FDC-42A3-9474-1A3956D46DE8}") = "Authentication", "Authentication", "{4D416788-8E1B-4985-8FF9-875564D2969C}"
EndProject
Project("{2150E333-8FDC-42A3-9474-1A3956D46DE8}") = "Caching", "Caching", "{A124A565-CF79-4E43-BE61-67F999F851DF}"
EndProject
Project("{2150E333-8FDC-42A3-9474-1A3956D46DE8}") = "Containers", "Containers", "{6FC99E3E-AF8D-45D7-A224-81C380EBDAAB}"
EndProject
Project("{2150E333-8FDC-42A3-9474-1A3956D46DE8}") = "Email", "Email", "{AA05EF52-F378-4506-9439-9295F382294D}"
EndProject
Project("{2150E333-8FDC-42A3-9474-1A3956D46DE8}") = "Logging", "Logging", "{79964CA6-E296-4EAB-BFD8-DED3763E8F17}"
EndProject
Project("{2150E333-8FDC-42A3-9474-1A3956D46DE8}") = "Messages", "Messages", "{F21F0FC6-4E60-49C9-B262-7A1F6E9C580B}"
EndProject
Project("{2150E333-8FDC-42A3-9474-1A3956D46DE8}") = "Pdf", "Pdf", "{CB8E6E86-AAF6-4C46-96CC-0E76F3AAD147}"
EndProject
Project("{2150E333-8FDC-42A3-9474-1A3956D46DE8}") = "Reporting", "Reporting", "{E9318170-4D65-43EB-B3AE-260D30884BF1}"
EndProject
Project("{2150E333-8FDC-42A3-9474-1A3956D46DE8}") = "Serialization", "Serialization", "{D78E8460-E460-4474-9524-D26A462D7CE0}"
EndProject
Project("{2150E333-8FDC-42A3-9474-1A3956D46DE8}") = "Nuget", "Nuget", "{8668286B-A8CF-4BD1-B7E9-63D04639D270}"
	ProjectSection(SolutionItems) = preProject
		Nuget\README.txt = Nuget\README.txt
	EndProjectSection
EndProject
Project("{2150E333-8FDC-42A3-9474-1A3956D46DE8}") = "Solution Items", "Solution Items", "{27D77846-1BF8-4B88-A76A-FD0F263AD416}"
	ProjectSection(SolutionItems) = preProject
		make_packages.bat = make_packages.bat
	EndProjectSection
EndProject
Project("{FAE04EC0-301F-11D3-BF4B-00C04F79EFBC}") = "Kore", "Core\Kore\Kore.csproj", "{E8F69B19-D3BE-45F4-8306-ABF9CFDEB748}"
EndProject
Project("{FAE04EC0-301F-11D3-BF4B-00C04F79EFBC}") = "Kore.Domain.EF", "Domain\EF\Kore.Domain.EF\Kore.Domain.EF.csproj", "{DB214A8D-36F9-459F-9C1A-5FA8434DA326}"
EndProject
Project("{FAE04EC0-301F-11D3-BF4B-00C04F79EFBC}") = "Kore.Domain.EF.Tests", "Domain\EF\Kore.Domain.EF.Tests\Kore.Domain.EF.Tests.csproj", "{EC0E5775-8DA3-4994-9148-9C5EB80AF625}"
EndProject
Project("{FAE04EC0-301F-11D3-BF4B-00C04F79EFBC}") = "Kore.Tests", "Core\Kore.Tests\Kore.Tests.csproj", "{ADF8D4BF-319C-4D15-9BE3-E619710C00D4}"
EndProject
Project("{FAE04EC0-301F-11D3-BF4B-00C04F79EFBC}") = "Kore.Domain.LiteDb.Tests", "Domain\LiteDb\Kore.Domain.LiteDb.Tests\Kore.Domain.LiteDb.Tests.csproj", "{B06CDADE-4886-4960-A8A2-735ED6349285}"
EndProject
Project("{FAE04EC0-301F-11D3-BF4B-00C04F79EFBC}") = "Kore.Domain.LiteDb", "Domain\LiteDb\Kore.Domain.LiteDb\Kore.Domain.LiteDb.csproj", "{B8F416B9-5FF6-4BED-BD7E-E1944AAF9C7E}"
EndProject
Project("{FAE04EC0-301F-11D3-BF4B-00C04F79EFBC}") = "Kore.Providers.Caching.Memory", "Providers\Caching\Kore.Providers.Caching.Memory\Kore.Providers.Caching.Memory.csproj", "{1063FCD5-B12E-42F9-9B3A-82FE5C50724A}"
EndProject
Project("{FAE04EC0-301F-11D3-BF4B-00C04F79EFBC}") = "Kore.Providers.Containers.Unity", "Providers\Containers\Kore.Providers.Containers.Unity\Kore.Providers.Containers.Unity.csproj", "{B12A31C3-B3A3-41F2-A214-93665DCDB4EE}"
EndProject
Project("{FAE04EC0-301F-11D3-BF4B-00C04F79EFBC}") = "Kore.Providers.Logging.Log4Net", "Providers\Logging\Kore.Providers.Logging.Log4Net\Kore.Providers.Logging.Log4Net.csproj", "{69F812DC-9E77-407D-ADEC-5470F5D872E9}"
EndProject
Project("{FAE04EC0-301F-11D3-BF4B-00C04F79EFBC}") = "Kore.Providers.Logging.NLog", "Providers\Logging\Kore.Providers.Logging.NLog\Kore.Providers.Logging.NLog.csproj", "{D07CBA59-F5EC-4F4D-B653-4A083E296E51}"
EndProject
Project("{FAE04EC0-301F-11D3-BF4B-00C04F79EFBC}") = "Kore.Providers.Messages.Resource", "Providers\Messages\Kore.Providers.Messages.Resource\Kore.Providers.Messages.Resource.csproj", "{68A49754-BFD1-4638-BE8A-0B9DC0EE65D3}"
EndProject
Project("{FAE04EC0-301F-11D3-BF4B-00C04F79EFBC}") = "Kore.Providers.Pdf.ITextSharp", "Providers\Pdf\Kore.Providers.Pdf.ITextSharp\Kore.Providers.Pdf.ITextSharp.csproj", "{1FAB8F28-3EC6-4BD4-B90A-000D7C7FB3BC}"
EndProject
Project("{FAE04EC0-301F-11D3-BF4B-00C04F79EFBC}") = "Kore.Providers.Reporting.SSRS", "Providers\Reporting\Kore.Providers.Reporting.SSRS\Kore.Providers.Reporting.SSRS.csproj", "{11395987-C6F5-44C3-AD10-369F1C68699B}"
EndProject
Project("{FAE04EC0-301F-11D3-BF4B-00C04F79EFBC}") = "Kore.Providers.Serialization.Newtonsoft", "Providers\Serialization\Kore.Providers.Serialization.Newtonsoft\Kore.Providers.Serialization.Newtonsoft.csproj", "{0A004A18-E3EF-4F51-A5A3-AEE5077F6874}"
EndProject
Project("{FAE04EC0-301F-11D3-BF4B-00C04F79EFBC}") = "Kore.Providers.Messages.Resource.Tests", "Providers\Messages\Kore.Providers.Messages.Resource.Tests\Kore.Providers.Messages.Resource.Tests.csproj", "{6DEC6560-8A21-4177-B84D-6B1BEFFF4B6F}"
EndProject
Project("{FAE04EC0-301F-11D3-BF4B-00C04F79EFBC}") = "Kore.Providers.Containers.TinyIoC", "Providers\Containers\Kore.Providers.Containers.TinyIoC\Kore.Providers.Containers.TinyIoC.csproj", "{8042363A-0F1F-45F7-9320-B5C8C475BCC7}"
EndProject
Global
	GlobalSection(SolutionConfigurationPlatforms) = preSolution
		Debug|Any CPU = Debug|Any CPU
		Release|Any CPU = Release|Any CPU
	EndGlobalSection
	GlobalSection(ProjectConfigurationPlatforms) = postSolution
		{E8F69B19-D3BE-45F4-8306-ABF9CFDEB748}.Debug|Any CPU.ActiveCfg = Debug|Any CPU
		{E8F69B19-D3BE-45F4-8306-ABF9CFDEB748}.Debug|Any CPU.Build.0 = Debug|Any CPU
		{E8F69B19-D3BE-45F4-8306-ABF9CFDEB748}.Release|Any CPU.ActiveCfg = Release|Any CPU
		{E8F69B19-D3BE-45F4-8306-ABF9CFDEB748}.Release|Any CPU.Build.0 = Release|Any CPU
		{DB214A8D-36F9-459F-9C1A-5FA8434DA326}.Debug|Any CPU.ActiveCfg = Debug|Any CPU
		{DB214A8D-36F9-459F-9C1A-5FA8434DA326}.Debug|Any CPU.Build.0 = Debug|Any CPU
		{DB214A8D-36F9-459F-9C1A-5FA8434DA326}.Release|Any CPU.ActiveCfg = Release|Any CPU
		{DB214A8D-36F9-459F-9C1A-5FA8434DA326}.Release|Any CPU.Build.0 = Release|Any CPU
		{EC0E5775-8DA3-4994-9148-9C5EB80AF625}.Debug|Any CPU.ActiveCfg = Debug|Any CPU
		{EC0E5775-8DA3-4994-9148-9C5EB80AF625}.Debug|Any CPU.Build.0 = Debug|Any CPU
		{EC0E5775-8DA3-4994-9148-9C5EB80AF625}.Release|Any CPU.ActiveCfg = Release|Any CPU
		{EC0E5775-8DA3-4994-9148-9C5EB80AF625}.Release|Any CPU.Build.0 = Release|Any CPU
		{ADF8D4BF-319C-4D15-9BE3-E619710C00D4}.Debug|Any CPU.ActiveCfg = Debug|Any CPU
		{ADF8D4BF-319C-4D15-9BE3-E619710C00D4}.Debug|Any CPU.Build.0 = Debug|Any CPU
		{ADF8D4BF-319C-4D15-9BE3-E619710C00D4}.Release|Any CPU.ActiveCfg = Release|Any CPU
		{ADF8D4BF-319C-4D15-9BE3-E619710C00D4}.Release|Any CPU.Build.0 = Release|Any CPU
		{B06CDADE-4886-4960-A8A2-735ED6349285}.Debug|Any CPU.ActiveCfg = Debug|Any CPU
		{B06CDADE-4886-4960-A8A2-735ED6349285}.Debug|Any CPU.Build.0 = Debug|Any CPU
		{B06CDADE-4886-4960-A8A2-735ED6349285}.Release|Any CPU.ActiveCfg = Release|Any CPU
		{B06CDADE-4886-4960-A8A2-735ED6349285}.Release|Any CPU.Build.0 = Release|Any CPU
		{B8F416B9-5FF6-4BED-BD7E-E1944AAF9C7E}.Debug|Any CPU.ActiveCfg = Debug|Any CPU
		{B8F416B9-5FF6-4BED-BD7E-E1944AAF9C7E}.Debug|Any CPU.Build.0 = Debug|Any CPU
		{B8F416B9-5FF6-4BED-BD7E-E1944AAF9C7E}.Release|Any CPU.ActiveCfg = Release|Any CPU
		{B8F416B9-5FF6-4BED-BD7E-E1944AAF9C7E}.Release|Any CPU.Build.0 = Release|Any CPU
		{1063FCD5-B12E-42F9-9B3A-82FE5C50724A}.Debug|Any CPU.ActiveCfg = Debug|Any CPU
		{1063FCD5-B12E-42F9-9B3A-82FE5C50724A}.Debug|Any CPU.Build.0 = Debug|Any CPU
		{1063FCD5-B12E-42F9-9B3A-82FE5C50724A}.Release|Any CPU.ActiveCfg = Release|Any CPU
		{1063FCD5-B12E-42F9-9B3A-82FE5C50724A}.Release|Any CPU.Build.0 = Release|Any CPU
		{B12A31C3-B3A3-41F2-A214-93665DCDB4EE}.Debug|Any CPU.ActiveCfg = Debug|Any CPU
		{B12A31C3-B3A3-41F2-A214-93665DCDB4EE}.Debug|Any CPU.Build.0 = Debug|Any CPU
		{B12A31C3-B3A3-41F2-A214-93665DCDB4EE}.Release|Any CPU.ActiveCfg = Release|Any CPU
		{B12A31C3-B3A3-41F2-A214-93665DCDB4EE}.Release|Any CPU.Build.0 = Release|Any CPU
		{69F812DC-9E77-407D-ADEC-5470F5D872E9}.Debug|Any CPU.ActiveCfg = Debug|Any CPU
		{69F812DC-9E77-407D-ADEC-5470F5D872E9}.Debug|Any CPU.Build.0 = Debug|Any CPU
		{69F812DC-9E77-407D-ADEC-5470F5D872E9}.Release|Any CPU.ActiveCfg = Release|Any CPU
		{69F812DC-9E77-407D-ADEC-5470F5D872E9}.Release|Any CPU.Build.0 = Release|Any CPU
		{D07CBA59-F5EC-4F4D-B653-4A083E296E51}.Debug|Any CPU.ActiveCfg = Debug|Any CPU
		{D07CBA59-F5EC-4F4D-B653-4A083E296E51}.Debug|Any CPU.Build.0 = Debug|Any CPU
		{D07CBA59-F5EC-4F4D-B653-4A083E296E51}.Release|Any CPU.ActiveCfg = Release|Any CPU
		{D07CBA59-F5EC-4F4D-B653-4A083E296E51}.Release|Any CPU.Build.0 = Release|Any CPU
		{68A49754-BFD1-4638-BE8A-0B9DC0EE65D3}.Debug|Any CPU.ActiveCfg = Debug|Any CPU
		{68A49754-BFD1-4638-BE8A-0B9DC0EE65D3}.Debug|Any CPU.Build.0 = Debug|Any CPU
		{68A49754-BFD1-4638-BE8A-0B9DC0EE65D3}.Release|Any CPU.ActiveCfg = Release|Any CPU
		{68A49754-BFD1-4638-BE8A-0B9DC0EE65D3}.Release|Any CPU.Build.0 = Release|Any CPU
		{1FAB8F28-3EC6-4BD4-B90A-000D7C7FB3BC}.Debug|Any CPU.ActiveCfg = Debug|Any CPU
		{1FAB8F28-3EC6-4BD4-B90A-000D7C7FB3BC}.Debug|Any CPU.Build.0 = Debug|Any CPU
		{1FAB8F28-3EC6-4BD4-B90A-000D7C7FB3BC}.Release|Any CPU.ActiveCfg = Release|Any CPU
		{1FAB8F28-3EC6-4BD4-B90A-000D7C7FB3BC}.Release|Any CPU.Build.0 = Release|Any CPU
		{11395987-C6F5-44C3-AD10-369F1C68699B}.Debug|Any CPU.ActiveCfg = Debug|Any CPU
		{11395987-C6F5-44C3-AD10-369F1C68699B}.Debug|Any CPU.Build.0 = Debug|Any CPU
		{11395987-C6F5-44C3-AD10-369F1C68699B}.Release|Any CPU.ActiveCfg = Release|Any CPU
		{11395987-C6F5-44C3-AD10-369F1C68699B}.Release|Any CPU.Build.0 = Release|Any CPU
		{0A004A18-E3EF-4F51-A5A3-AEE5077F6874}.Debug|Any CPU.ActiveCfg = Debug|Any CPU
		{0A004A18-E3EF-4F51-A5A3-AEE5077F6874}.Debug|Any CPU.Build.0 = Debug|Any CPU
		{0A004A18-E3EF-4F51-A5A3-AEE5077F6874}.Release|Any CPU.ActiveCfg = Release|Any CPU
		{0A004A18-E3EF-4F51-A5A3-AEE5077F6874}.Release|Any CPU.Build.0 = Release|Any CPU
		{6DEC6560-8A21-4177-B84D-6B1BEFFF4B6F}.Debug|Any CPU.ActiveCfg = Debug|Any CPU
		{6DEC6560-8A21-4177-B84D-6B1BEFFF4B6F}.Debug|Any CPU.Build.0 = Debug|Any CPU
		{6DEC6560-8A21-4177-B84D-6B1BEFFF4B6F}.Release|Any CPU.ActiveCfg = Release|Any CPU
		{6DEC6560-8A21-4177-B84D-6B1BEFFF4B6F}.Release|Any CPU.Build.0 = Release|Any CPU
		{8042363A-0F1F-45F7-9320-B5C8C475BCC7}.Debug|Any CPU.ActiveCfg = Debug|Any CPU
		{8042363A-0F1F-45F7-9320-B5C8C475BCC7}.Debug|Any CPU.Build.0 = Debug|Any CPU
		{8042363A-0F1F-45F7-9320-B5C8C475BCC7}.Release|Any CPU.ActiveCfg = Release|Any CPU
		{8042363A-0F1F-45F7-9320-B5C8C475BCC7}.Release|Any CPU.Build.0 = Release|Any CPU
	EndGlobalSection
	GlobalSection(SolutionProperties) = preSolution
		HideSolutionNode = FALSE
	EndGlobalSection
	GlobalSection(NestedProjects) = preSolution
		{185A0433-D8AF-4DB6-A0D9-33EC5F305DED} = {4442A51C-1ECC-4089-8CF9-2DCD0AE6C32B}
		{F154FA00-1457-4B3C-97D5-6979778C8D71} = {4442A51C-1ECC-4089-8CF9-2DCD0AE6C32B}
		{4D416788-8E1B-4985-8FF9-875564D2969C} = {FCEC5E07-A001-41D0-B336-B67EA50292B5}
		{A124A565-CF79-4E43-BE61-67F999F851DF} = {FCEC5E07-A001-41D0-B336-B67EA50292B5}
		{6FC99E3E-AF8D-45D7-A224-81C380EBDAAB} = {FCEC5E07-A001-41D0-B336-B67EA50292B5}
		{AA05EF52-F378-4506-9439-9295F382294D} = {FCEC5E07-A001-41D0-B336-B67EA50292B5}
		{79964CA6-E296-4EAB-BFD8-DED3763E8F17} = {FCEC5E07-A001-41D0-B336-B67EA50292B5}
		{F21F0FC6-4E60-49C9-B262-7A1F6E9C580B} = {FCEC5E07-A001-41D0-B336-B67EA50292B5}
		{CB8E6E86-AAF6-4C46-96CC-0E76F3AAD147} = {FCEC5E07-A001-41D0-B336-B67EA50292B5}
		{E9318170-4D65-43EB-B3AE-260D30884BF1} = {FCEC5E07-A001-41D0-B336-B67EA50292B5}
		{D78E8460-E460-4474-9524-D26A462D7CE0} = {FCEC5E07-A001-41D0-B336-B67EA50292B5}
		{E8F69B19-D3BE-45F4-8306-ABF9CFDEB748} = {A1528928-0C42-4AA5-ACD3-9BA0D23F37CC}
		{DB214A8D-36F9-459F-9C1A-5FA8434DA326} = {185A0433-D8AF-4DB6-A0D9-33EC5F305DED}
		{EC0E5775-8DA3-4994-9148-9C5EB80AF625} = {185A0433-D8AF-4DB6-A0D9-33EC5F305DED}
		{ADF8D4BF-319C-4D15-9BE3-E619710C00D4} = {A1528928-0C42-4AA5-ACD3-9BA0D23F37CC}
		{B06CDADE-4886-4960-A8A2-735ED6349285} = {F154FA00-1457-4B3C-97D5-6979778C8D71}
		{B8F416B9-5FF6-4BED-BD7E-E1944AAF9C7E} = {F154FA00-1457-4B3C-97D5-6979778C8D71}
		{1063FCD5-B12E-42F9-9B3A-82FE5C50724A} = {A124A565-CF79-4E43-BE61-67F999F851DF}
		{B12A31C3-B3A3-41F2-A214-93665DCDB4EE} = {6FC99E3E-AF8D-45D7-A224-81C380EBDAAB}
		{69F812DC-9E77-407D-ADEC-5470F5D872E9} = {79964CA6-E296-4EAB-BFD8-DED3763E8F17}
		{D07CBA59-F5EC-4F4D-B653-4A083E296E51} = {79964CA6-E296-4EAB-BFD8-DED3763E8F17}
		{68A49754-BFD1-4638-BE8A-0B9DC0EE65D3} = {F21F0FC6-4E60-49C9-B262-7A1F6E9C580B}
		{1FAB8F28-3EC6-4BD4-B90A-000D7C7FB3BC} = {CB8E6E86-AAF6-4C46-96CC-0E76F3AAD147}
		{11395987-C6F5-44C3-AD10-369F1C68699B} = {E9318170-4D65-43EB-B3AE-260D30884BF1}
		{0A004A18-E3EF-4F51-A5A3-AEE5077F6874} = {D78E8460-E460-4474-9524-D26A462D7CE0}
		{6DEC6560-8A21-4177-B84D-6B1BEFFF4B6F} = {F21F0FC6-4E60-49C9-B262-7A1F6E9C580B}
		{8042363A-0F1F-45F7-9320-B5C8C475BCC7} = {6FC99E3E-AF8D-45D7-A224-81C380EBDAAB}
	EndGlobalSection
EndGlobal
